Microsoft Visual Studio Solution File, Format Version 12.00
# Visual Studio Version 16
VisualStudioVersion = 16.0.29613.14
MinimumVisualStudioVersion = 10.0.40219.1
Project("{9A19103F-16F7-4668-BE54-9A1E7A4F7556}") = "DayPrinter", "DayPrinter\DayPrinter.csproj", "{B3E76AAA-3BE8-49C7-A831-64EF68C6F28D}"
EndProject
Project("{9A19103F-16F7-4668-BE54-9A1E7A4F7556}") = "ElseIf", "ElseIf\ElseIf.csproj", "{C7008ACC-EE4B-49CC-B7FB-5F9F95E257A9}"
EndProject
Project("{9A19103F-16F7-4668-BE54-9A1E7A4F7556}") = "TempConv", "TempConv\TempConv.csproj", "{6D18F93D-E26F-4FF4-ABF2-1450FD9FB19D}"
EndProject
Project("{9A19103F-16F7-4668-BE54-9A1E7A4F7556}") = "HelloMethods", "HelloMethods\HelloMethods.csproj", "{9B69E0D2-FBD5-4FB4-9D40-768AE4F57300}"
EndProject
Project("{9A19103F-16F7-4668-BE54-9A1E7A4F7556}") = "Gradebook", "Gradebook\Gradebook.csproj", "{9E08496B-2501-4CBF-844F-8FD7BA97F4E6}"
EndProject
Project("{9A19103F-16F7-4668-BE54-9A1E7A4F7556}") = "GradebookDict", "GradebookDict\GradebookDict.csproj", "{EFCB1B91-2E92-478F-BFF7-013FF6911DCC}"
EndProject
Project("{9A19103F-16F7-4668-BE54-9A1E7A4F7556}") = "GradebookArray", "GradebookArray\GradebookArray.csproj", "{89051A0E-8D18-48C3-B4E6-D05F62D252CE}"
EndProject
Project("{9A19103F-16F7-4668-BE54-9A1E7A4F7556}") = "HelloWorld", "HelloWorld\HelloWorld.csproj", "{ACDEDBAF-289D-4C2B-AE50-C6D1CD70470C}"
EndProject
Project("{9A19103F-16F7-4668-BE54-9A1E7A4F7556}") = "AreaRectangle", "AreaRectangle\AreaRectangle.csproj", "{4B132BE0-065B-4F4F-84E0-2C02D6B3C65B}"
EndProject
Project("{9A19103F-16F7-4668-BE54-9A1E7A4F7556}") = "MilesPerGallon", "MilesPerGallon\MilesPerGallon.csproj", "{B3758258-6F2B-48B0-A0A2-D61C18317A84}"
EndProject
Project("{9A19103F-16F7-4668-BE54-9A1E7A4F7556}") = "SearchAliceInWonderland", "SearchAliceInWonderland\SearchAliceInWonderland.csproj", "{E63057E5-F63B-46FA-AA6C-30DF3FA99AD7}"
EndProject
Project("{9A19103F-16F7-4668-BE54-9A1E7A4F7556}") = "AreaCircle", "AreaCircle\AreaCircle.csproj", "{93CDD266-6793-47AA-965D-24FE19A8F923}"
EndProject
Project("{9A19103F-16F7-4668-BE54-9A1E7A4F7556}") = "SumEvenNumbers", "SumEvenNumbers\SumEvenNumbers.csproj", "{7BA81C83-215D-438D-8886-1AB39213B52D}"
EndProject
Project("{9A19103F-16F7-4668-BE54-9A1E7A4F7556}") = "WordsWith5Letters", "WordsWith5Letters\WordsWith5Letters.csproj", "{830A9F25-A406-4D96-BE67-27A348FFC792}"
EndProject
Project("{9A19103F-16F7-4668-BE54-9A1E7A4F7556}") = "PrintArrayValues", "PrintArrayValues\PrintArrayValues.csproj", "{EA8BC7D0-F635-4399-8881-1553B7FFCB85}"
EndProject
Project("{9A19103F-16F7-4668-BE54-9A1E7A4F7556}") = "StudentRoster", "StudentRoster\StudentRoster.csproj", "{007CE476-E0D1-4CBB-AF58-B5079547420E}"
EndProject
Project("{9A19103F-16F7-4668-BE54-9A1E7A4F7556}") = "CountingCharacters", "CountingCharacters\CountingCharacters.csproj", "{A79141C4-66E1-4F3C-B462-772FD38A0C63}"
EndProject
Project("{9A19103F-16F7-4668-BE54-9A1E7A4F7556}") = "School", "School\School.csproj", "{8C4AA8ED-EE0B-4925-BA6B-4B8B598FF459}"
EndProject
Project("{9A19103F-16F7-4668-BE54-9A1E7A4F7556}") = "Restaurant", "Restaurant\Restaurant.csproj", "{A19A1D48-D686-4457-AE56-0050E4A954FA}"
EndProject
Project("{9A19103F-16F7-4668-BE54-9A1E7A4F7556}") = "ClassDiagram", "ClassDiagram\ClassDiagram.csproj", "{D2AF5A17-04A1-4532-84CB-A584858BB55B}"
EndProject
Project("{FAE04EC0-301F-11D3-BF4B-00C04F79EFBC}") = "QuizStudio", "QuizStudio\QuizStudio.csproj", "{CCF938D6-5CAF-4347-88B8-8CE7C2814367}"
EndProject
Global
	GlobalSection(SolutionConfigurationPlatforms) = preSolution
		Debug|Any CPU = Debug|Any CPU
		Release|Any CPU = Release|Any CPU
	EndGlobalSection
	GlobalSection(ProjectConfigurationPlatforms) = postSolution
		{B3E76AAA-3BE8-49C7-A831-64EF68C6F28D}.Debug|Any CPU.ActiveCfg = Debug|Any CPU
		{B3E76AAA-3BE8-49C7-A831-64EF68C6F28D}.Debug|Any CPU.Build.0 = Debug|Any CPU
		{B3E76AAA-3BE8-49C7-A831-64EF68C6F28D}.Release|Any CPU.ActiveCfg = Release|Any CPU
		{B3E76AAA-3BE8-49C7-A831-64EF68C6F28D}.Release|Any CPU.Build.0 = Release|Any CPU
		{C7008ACC-EE4B-49CC-B7FB-5F9F95E257A9}.Debug|Any CPU.ActiveCfg = Debug|Any CPU
		{C7008ACC-EE4B-49CC-B7FB-5F9F95E257A9}.Debug|Any CPU.Build.0 = Debug|Any CPU
		{C7008ACC-EE4B-49CC-B7FB-5F9F95E257A9}.Release|Any CPU.ActiveCfg = Release|Any CPU
		{C7008ACC-EE4B-49CC-B7FB-5F9F95E257A9}.Release|Any CPU.Build.0 = Release|Any CPU
		{6D18F93D-E26F-4FF4-ABF2-1450FD9FB19D}.Debug|Any CPU.ActiveCfg = Debug|Any CPU
		{6D18F93D-E26F-4FF4-ABF2-1450FD9FB19D}.Debug|Any CPU.Build.0 = Debug|Any CPU
		{6D18F93D-E26F-4FF4-ABF2-1450FD9FB19D}.Release|Any CPU.ActiveCfg = Release|Any CPU
		{6D18F93D-E26F-4FF4-ABF2-1450FD9FB19D}.Release|Any CPU.Build.0 = Release|Any CPU
		{9B69E0D2-FBD5-4FB4-9D40-768AE4F57300}.Debug|Any CPU.ActiveCfg = Debug|Any CPU
		{9B69E0D2-FBD5-4FB4-9D40-768AE4F57300}.Debug|Any CPU.Build.0 = Debug|Any CPU
		{9B69E0D2-FBD5-4FB4-9D40-768AE4F57300}.Release|Any CPU.ActiveCfg = Release|Any CPU
		{9B69E0D2-FBD5-4FB4-9D40-768AE4F57300}.Release|Any CPU.Build.0 = Release|Any CPU
		{9E08496B-2501-4CBF-844F-8FD7BA97F4E6}.Debug|Any CPU.ActiveCfg = Debug|Any CPU
		{9E08496B-2501-4CBF-844F-8FD7BA97F4E6}.Debug|Any CPU.Build.0 = Debug|Any CPU
		{9E08496B-2501-4CBF-844F-8FD7BA97F4E6}.Release|Any CPU.ActiveCfg = Release|Any CPU
		{9E08496B-2501-4CBF-844F-8FD7BA97F4E6}.Release|Any CPU.Build.0 = Release|Any CPU
		{EFCB1B91-2E92-478F-BFF7-013FF6911DCC}.Debug|Any CPU.ActiveCfg = Debug|Any CPU
		{EFCB1B91-2E92-478F-BFF7-013FF6911DCC}.Debug|Any CPU.Build.0 = Debug|Any CPU
		{EFCB1B91-2E92-478F-BFF7-013FF6911DCC}.Release|Any CPU.ActiveCfg = Release|Any CPU
		{EFCB1B91-2E92-478F-BFF7-013FF6911DCC}.Release|Any CPU.Build.0 = Release|Any CPU
		{89051A0E-8D18-48C3-B4E6-D05F62D252CE}.Debug|Any CPU.ActiveCfg = Debug|Any CPU
		{89051A0E-8D18-48C3-B4E6-D05F62D252CE}.Debug|Any CPU.Build.0 = Debug|Any CPU
		{89051A0E-8D18-48C3-B4E6-D05F62D252CE}.Release|Any CPU.ActiveCfg = Release|Any CPU
		{89051A0E-8D18-48C3-B4E6-D05F62D252CE}.Release|Any CPU.Build.0 = Release|Any CPU
		{ACDEDBAF-289D-4C2B-AE50-C6D1CD70470C}.Debug|Any CPU.ActiveCfg = Debug|Any CPU
		{ACDEDBAF-289D-4C2B-AE50-C6D1CD70470C}.Debug|Any CPU.Build.0 = Debug|Any CPU
		{ACDEDBAF-289D-4C2B-AE50-C6D1CD70470C}.Release|Any CPU.ActiveCfg = Release|Any CPU
		{ACDEDBAF-289D-4C2B-AE50-C6D1CD70470C}.Release|Any CPU.Build.0 = Release|Any CPU
		{4B132BE0-065B-4F4F-84E0-2C02D6B3C65B}.Debug|Any CPU.ActiveCfg = Debug|Any CPU
		{4B132BE0-065B-4F4F-84E0-2C02D6B3C65B}.Debug|Any CPU.Build.0 = Debug|Any CPU
		{4B132BE0-065B-4F4F-84E0-2C02D6B3C65B}.Release|Any CPU.ActiveCfg = Release|Any CPU
		{4B132BE0-065B-4F4F-84E0-2C02D6B3C65B}.Release|Any CPU.Build.0 = Release|Any CPU
		{B3758258-6F2B-48B0-A0A2-D61C18317A84}.Debug|Any CPU.ActiveCfg = Debug|Any CPU
		{B3758258-6F2B-48B0-A0A2-D61C18317A84}.Debug|Any CPU.Build.0 = Debug|Any CPU
		{B3758258-6F2B-48B0-A0A2-D61C18317A84}.Release|Any CPU.ActiveCfg = Release|Any CPU
		{B3758258-6F2B-48B0-A0A2-D61C18317A84}.Release|Any CPU.Build.0 = Release|Any CPU
		{E63057E5-F63B-46FA-AA6C-30DF3FA99AD7}.Debug|Any CPU.ActiveCfg = Debug|Any CPU
		{E63057E5-F63B-46FA-AA6C-30DF3FA99AD7}.Debug|Any CPU.Build.0 = Debug|Any CPU
		{E63057E5-F63B-46FA-AA6C-30DF3FA99AD7}.Release|Any CPU.ActiveCfg = Release|Any CPU
		{E63057E5-F63B-46FA-AA6C-30DF3FA99AD7}.Release|Any CPU.Build.0 = Release|Any CPU
		{93CDD266-6793-47AA-965D-24FE19A8F923}.Debug|Any CPU.ActiveCfg = Debug|Any CPU
		{93CDD266-6793-47AA-965D-24FE19A8F923}.Debug|Any CPU.Build.0 = Debug|Any CPU
		{93CDD266-6793-47AA-965D-24FE19A8F923}.Release|Any CPU.ActiveCfg = Release|Any CPU
		{93CDD266-6793-47AA-965D-24FE19A8F923}.Release|Any CPU.Build.0 = Release|Any CPU
		{7BA81C83-215D-438D-8886-1AB39213B52D}.Debug|Any CPU.ActiveCfg = Debug|Any CPU
		{7BA81C83-215D-438D-8886-1AB39213B52D}.Debug|Any CPU.Build.0 = Debug|Any CPU
		{7BA81C83-215D-438D-8886-1AB39213B52D}.Release|Any CPU.ActiveCfg = Release|Any CPU
		{7BA81C83-215D-438D-8886-1AB39213B52D}.Release|Any CPU.Build.0 = Release|Any CPU
		{830A9F25-A406-4D96-BE67-27A348FFC792}.Debug|Any CPU.ActiveCfg = Debug|Any CPU
		{830A9F25-A406-4D96-BE67-27A348FFC792}.Debug|Any CPU.Build.0 = Debug|Any CPU
		{830A9F25-A406-4D96-BE67-27A348FFC792}.Release|Any CPU.ActiveCfg = Release|Any CPU
		{830A9F25-A406-4D96-BE67-27A348FFC792}.Release|Any CPU.Build.0 = Release|Any CPU
		{EA8BC7D0-F635-4399-8881-1553B7FFCB85}.Debug|Any CPU.ActiveCfg = Debug|Any CPU
		{EA8BC7D0-F635-4399-8881-1553B7FFCB85}.Debug|Any CPU.Build.0 = Debug|Any CPU
		{EA8BC7D0-F635-4399-8881-1553B7FFCB85}.Release|Any CPU.ActiveCfg = Release|Any CPU
		{EA8BC7D0-F635-4399-8881-1553B7FFCB85}.Release|Any CPU.Build.0 = Release|Any CPU
		{007CE476-E0D1-4CBB-AF58-B5079547420E}.Debug|Any CPU.ActiveCfg = Debug|Any CPU
		{007CE476-E0D1-4CBB-AF58-B5079547420E}.Debug|Any CPU.Build.0 = Debug|Any CPU
		{007CE476-E0D1-4CBB-AF58-B5079547420E}.Release|Any CPU.ActiveCfg = Release|Any CPU
		{007CE476-E0D1-4CBB-AF58-B5079547420E}.Release|Any CPU.Build.0 = Release|Any CPU
		{A79141C4-66E1-4F3C-B462-772FD38A0C63}.Debug|Any CPU.ActiveCfg = Debug|Any CPU
		{A79141C4-66E1-4F3C-B462-772FD38A0C63}.Debug|Any CPU.Build.0 = Debug|Any CPU
		{A79141C4-66E1-4F3C-B462-772FD38A0C63}.Release|Any CPU.ActiveCfg = Release|Any CPU
		{A79141C4-66E1-4F3C-B462-772FD38A0C63}.Release|Any CPU.Build.0 = Release|Any CPU
		{8C4AA8ED-EE0B-4925-BA6B-4B8B598FF459}.Debug|Any CPU.ActiveCfg = Debug|Any CPU
		{8C4AA8ED-EE0B-4925-BA6B-4B8B598FF459}.Debug|Any CPU.Build.0 = Debug|Any CPU
		{8C4AA8ED-EE0B-4925-BA6B-4B8B598FF459}.Release|Any CPU.ActiveCfg = Release|Any CPU
		{8C4AA8ED-EE0B-4925-BA6B-4B8B598FF459}.Release|Any CPU.Build.0 = Release|Any CPU
		{A19A1D48-D686-4457-AE56-0050E4A954FA}.Debug|Any CPU.ActiveCfg = Debug|Any CPU
		{A19A1D48-D686-4457-AE56-0050E4A954FA}.Debug|Any CPU.Build.0 = Debug|Any CPU
		{A19A1D48-D686-4457-AE56-0050E4A954FA}.Release|Any CPU.ActiveCfg = Release|Any CPU
		{A19A1D48-D686-4457-AE56-0050E4A954FA}.Release|Any CPU.Build.0 = Release|Any CPU
		{D2AF5A17-04A1-4532-84CB-A584858BB55B}.Debug|Any CPU.ActiveCfg = Debug|Any CPU
		{D2AF5A17-04A1-4532-84CB-A584858BB55B}.Debug|Any CPU.Build.0 = Debug|Any CPU
		{D2AF5A17-04A1-4532-84CB-A584858BB55B}.Release|Any CPU.ActiveCfg = Release|Any CPU
		{D2AF5A17-04A1-4532-84CB-A584858BB55B}.Release|Any CPU.Build.0 = Release|Any CPU
		{CCF938D6-5CAF-4347-88B8-8CE7C2814367}.Debug|Any CPU.ActiveCfg = Debug|Any CPU
		{CCF938D6-5CAF-4347-88B8-8CE7C2814367}.Debug|Any CPU.Build.0 = Debug|Any CPU
		{CCF938D6-5CAF-4347-88B8-8CE7C2814367}.Release|Any CPU.ActiveCfg = Release|Any CPU
		{CCF938D6-5CAF-4347-88B8-8CE7C2814367}.Release|Any CPU.Build.0 = Release|Any CPU
	EndGlobalSection
	GlobalSection(SolutionProperties) = preSolution
		HideSolutionNode = FALSE
	EndGlobalSection
	GlobalSection(ExtensibilityGlobals) = postSolution
		SolutionGuid = {444A95FB-6A90-4A12-9D4A-2499BD608A38}
	EndGlobalSection
EndGlobal
